// !$*UTF8*$!
{
	archiveVersion = 1;
	classes = {
	};
	objectVersion = 56;
	objects = {

/* Begin PBXBuildFile section */
		05A6E7F393B996E314DB1CEE /* AndroidSync/MirroringView.swift in Sources */ = {isa = PBXBuildFile; fileRef = FA0E39253432131AC3C01156 /* AndroidSync/MirroringView.swift */; };
		0E0DEBE9765832C0F9B3C473 /* AndroidSync/SecurityStore.swift in Sources */ = {isa = PBXBuildFile; fileRef = EA01417822F0D84DE0B7C614 /* AndroidSync/SecurityStore.swift */; };
		0E5C36115FA783B8147C124E /* AndroidSync/Transport.swift in Sources */ = {isa = PBXBuildFile; fileRef = 748E2025F1772C8624C68409 /* AndroidSync/Transport.swift */; };
		329DBDF12BCD2F66C9754A6A /* AndroidSync/AppModel.swift in Sources */ = {isa = PBXBuildFile; fileRef = 0C2D34B239D06102C3A11713 /* AndroidSync/AppModel.swift */; };
		5CA4EBB2B9746B02F76F888E /* AndroidSync/Views.swift in Sources */ = {isa = PBXBuildFile; fileRef = 6F116ED17D489ACFE5F00430 /* AndroidSync/Views.swift */; };
		5FDF4322AB073E3E8EF0AC71 /* AndroidSync/AndroidSync.icns in Resources */ = {isa = PBXBuildFile; fileRef = 2ED9FD15FF6B1978F8839604 /* AndroidSync/AndroidSync.icns */; };
		6F587BA007547489188FA810 /* AndroidSync/Tools/NOTICE.txt in Resources */ = {isa = PBXBuildFile; fileRef = B8644F40C0D5550EA96658F9 /* AndroidSync/Tools/NOTICE.txt */; };
		722994CFE00965C5CDA2B34A /* AndroidSync/CallPopupView.swift in Sources */ = {isa = PBXBuildFile; fileRef = 76AC75DBA7CEB5837C4B7741 /* AndroidSync/CallPopupView.swift */; };
		7BF12C09292276B6A3BD9DB6 /* ../core/Sources/SyncCore/Protocol.swift in Sources */ = {isa = PBXBuildFile; fileRef = F45EF16601192F3EBA328A3D /* ../core/Sources/SyncCore/Protocol.swift */; };
		7C54B7ABFE02D213805E3CC6 /* AndroidSync/BluetoothCalls.swift in Sources */ = {isa = PBXBuildFile; fileRef = 75790FC125969262EDD51779 /* AndroidSync/BluetoothCalls.swift */; };
		8E9BD2A814D339966A69E08A /* ../core/Sources/SyncCore/NotificationPreview.swift in Sources */ = {isa = PBXBuildFile; fileRef = 0E12343E6A6B2027071CB5B3 /* ../core/Sources/SyncCore/NotificationPreview.swift */; };
		94E560A91A51694C99940FD5 /* AndroidSync/Tools/adb in Resources */ = {isa = PBXBuildFile; fileRef = CC9C9EC8EF3B95F4086F113E /* AndroidSync/Tools/adb */; };
		A93A8B6F452B94B4C7E48A31 /* AndroidSync/AndroidSyncApp.swift in Sources */ = {isa = PBXBuildFile; fileRef = D24A571D8C2AB8CA5D416C79 /* AndroidSync/AndroidSyncApp.swift */; };
		B908DEADCCFC5A3AAEFB87B2 /* ../core/Sources/SyncCore/Diagnostics.swift in Sources */ = {isa = PBXBuildFile; fileRef = 74C5DF5A10503F05C3E4B0A2 /* ../core/Sources/SyncCore/Diagnostics.swift */; };
		CED5D58F4D9B086957F2A5D9 /* AndroidSync/Models.swift in Sources */ = {isa = PBXBuildFile; fileRef = 97DC5191FDC19EBF975AFCB3 /* AndroidSync/Models.swift */; };
		EF4C1BE79AAE7B783762C4CB /* AndroidSync/FileSharingView.swift in Sources */ = {isa = PBXBuildFile; fileRef = D08FDEB4C1B0175B6AFC1F04 /* AndroidSync/FileSharingView.swift */; };
		FA4E5948631CAE2025A0F034 /* AndroidSync/Mirroring.swift in Sources */ = {isa = PBXBuildFile; fileRef = 73A08B96C6BF091DA7971E85 /* AndroidSync/Mirroring.swift */; };
/* End PBXBuildFile section */

/* Begin PBXFileReference section */
		0C2D34B239D06102C3A11713 /* AndroidSync/AppModel.swift */ = {isa = PBXFileReference; lastKnownFileType = sourcecode.swift; path = AndroidSync/AppModel.swift; sourceTree = SOURCE_ROOT; };
		0E12343E6A6B2027071CB5B3 /* ../core/Sources/SyncCore/NotificationPreview.swift */ = {isa = PBXFileReference; lastKnownFileType = sourcecode.swift; path = ../core/Sources/SyncCore/NotificationPreview.swift; sourceTree = SOURCE_ROOT; };
		2ED9FD15FF6B1978F8839604 /* AndroidSync/AndroidSync.icns */ = {isa = PBXFileReference; lastKnownFileType = image.icns; path = AndroidSync/AndroidSync.icns; sourceTree = SOURCE_ROOT; };
		6F116ED17D489ACFE5F00430 /* AndroidSync/Views.swift */ = {isa = PBXFileReference; lastKnownFileType = sourcecode.swift; path = AndroidSync/Views.swift; sourceTree = SOURCE_ROOT; };
		73A08B96C6BF091DA7971E85 /* AndroidSync/Mirroring.swift */ = {isa = PBXFileReference; lastKnownFileType = sourcecode.swift; path = AndroidSync/Mirroring.swift; sourceTree = SOURCE_ROOT; };
		748E2025F1772C8624C68409 /* AndroidSync/Transport.swift */ = {isa = PBXFileReference; lastKnownFileType = sourcecode.swift; path = AndroidSync/Transport.swift; sourceTree = SOURCE_ROOT; };
		74C5DF5A10503F05C3E4B0A2 /* ../core/Sources/SyncCore/Diagnostics.swift */ = {isa = PBXFileReference; lastKnownFileType = sourcecode.swift; path = ../core/Sources/SyncCore/Diagnostics.swift; sourceTree = SOURCE_ROOT; };
		75790FC125969262EDD51779 /* AndroidSync/BluetoothCalls.swift */ = {isa = PBXFileReference; lastKnownFileType = sourcecode.swift; path = AndroidSync/BluetoothCalls.swift; sourceTree = SOURCE_ROOT; };
		76AC75DBA7CEB5837C4B7741 /* AndroidSync/CallPopupView.swift */ = {isa = PBXFileReference; lastKnownFileType = sourcecode.swift; path = AndroidSync/CallPopupView.swift; sourceTree = SOURCE_ROOT; };
		97DC5191FDC19EBF975AFCB3 /* AndroidSync/Models.swift */ = {isa = PBXFileReference; lastKnownFileType = sourcecode.swift; path = AndroidSync/Models.swift; sourceTree = SOURCE_ROOT; };
		A4D79188A3C6C7DB69226066 /* AndroidSync/AndroidSync.entitlements */ = {isa = PBXFileReference; lastKnownFileType = text.plist.entitlements; path = AndroidSync/AndroidSync.entitlements; sourceTree = SOURCE_ROOT; };
		A65573FCD3BED52501A1C51D /* AndroidSync/Info.plist */ = {isa = PBXFileReference; lastKnownFileType = text.plist.xml; path = AndroidSync/Info.plist; sourceTree = SOURCE_ROOT; };
		B8644F40C0D5550EA96658F9 /* AndroidSync/Tools/NOTICE.txt */ = {isa = PBXFileReference; lastKnownFileType = text; path = AndroidSync/Tools/NOTICE.txt; sourceTree = SOURCE_ROOT; };
		CC9C9EC8EF3B95F4086F113E /* AndroidSync/Tools/adb */ = {isa = PBXFileReference; lastKnownFileType = "compiled.mach-o.executable"; path = AndroidSync/Tools/adb; sourceTree = SOURCE_ROOT; };
		D08FDEB4C1B0175B6AFC1F04 /* AndroidSync/FileSharingView.swift */ = {isa = PBXFileReference; lastKnownFileType = sourcecode.swift; path = AndroidSync/FileSharingView.swift; sourceTree = SOURCE_ROOT; };
		D24A571D8C2AB8CA5D416C79 /* AndroidSync/AndroidSyncApp.swift */ = {isa = PBXFileReference; lastKnownFileType = sourcecode.swift; path = AndroidSync/AndroidSyncApp.swift; sourceTree = SOURCE_ROOT; };
		EA01417822F0D84DE0B7C614 /* AndroidSync/SecurityStore.swift */ = {isa = PBXFileReference; lastKnownFileType = sourcecode.swift; path = AndroidSync/SecurityStore.swift; sourceTree = SOURCE_ROOT; };
		F45EF16601192F3EBA328A3D /* ../core/Sources/SyncCore/Protocol.swift */ = {isa = PBXFileReference; lastKnownFileType = sourcecode.swift; path = ../core/Sources/SyncCore/Protocol.swift; sourceTree = SOURCE_ROOT; };
		FA0E39253432131AC3C01156 /* AndroidSync/MirroringView.swift */ = {isa = PBXFileReference; lastKnownFileType = sourcecode.swift; path = AndroidSync/MirroringView.swift; sourceTree = SOURCE_ROOT; };
		FF45B4A2149347AA53D5F95C /* AndroidSync.app */ = {isa = PBXFileReference; explicitFileType = wrapper.application; path = AndroidSync.app; sourceTree = BUILT_PRODUCTS_DIR; };
/* End PBXFileReference section */

/* Begin PBXFrameworksBuildPhase section */
		7023F73C804C393623F3D74E /* Frameworks */ = {
			isa = PBXFrameworksBuildPhase;
			buildActionMask = 2147483647;
			files = (
			);
			runOnlyForDeploymentPostprocessing = 0;
		};
/* End PBXFrameworksBuildPhase section */

/* Begin PBXGroup section */
		0A3E27B8CA818264D75C8D81 /* Products */ = {
			isa = PBXGroup;
			children = (
				FF45B4A2149347AA53D5F95C /* AndroidSync.app */,
			);
			name = Products;
			sourceTree = "<group>";
		};
		4813494D137E1631BBA301D5 = {
			isa = PBXGroup;
			children = (
				D24A571D8C2AB8CA5D416C79 /* AndroidSync/AndroidSyncApp.swift */,
				0C2D34B239D06102C3A11713 /* AndroidSync/AppModel.swift */,
				75790FC125969262EDD51779 /* AndroidSync/BluetoothCalls.swift */,
				76AC75DBA7CEB5837C4B7741 /* AndroidSync/CallPopupView.swift */,
				D08FDEB4C1B0175B6AFC1F04 /* AndroidSync/FileSharingView.swift */,
				73A08B96C6BF091DA7971E85 /* AndroidSync/Mirroring.swift */,
				FA0E39253432131AC3C01156 /* AndroidSync/MirroringView.swift */,
				97DC5191FDC19EBF975AFCB3 /* AndroidSync/Models.swift */,
				EA01417822F0D84DE0B7C614 /* AndroidSync/SecurityStore.swift */,
				748E2025F1772C8624C68409 /* AndroidSync/Transport.swift */,
				6F116ED17D489ACFE5F00430 /* AndroidSync/Views.swift */,
				74C5DF5A10503F05C3E4B0A2 /* ../core/Sources/SyncCore/Diagnostics.swift */,
				0E12343E6A6B2027071CB5B3 /* ../core/Sources/SyncCore/NotificationPreview.swift */,
				F45EF16601192F3EBA328A3D /* ../core/Sources/SyncCore/Protocol.swift */,
				2ED9FD15FF6B1978F8839604 /* AndroidSync/AndroidSync.icns */,
				CC9C9EC8EF3B95F4086F113E /* AndroidSync/Tools/adb */,
				B8644F40C0D5550EA96658F9 /* AndroidSync/Tools/NOTICE.txt */,
				A65573FCD3BED52501A1C51D /* AndroidSync/Info.plist */,
				A4D79188A3C6C7DB69226066 /* AndroidSync/AndroidSync.entitlements */,
				0A3E27B8CA818264D75C8D81 /* Products */,
			);
			sourceTree = "<group>";
		};
/* End PBXGroup section */

/* Begin PBXNativeTarget section */
		098A2FAE5D6CC599A6DA7DE2 /* AndroidSync */ = {
			isa = PBXNativeTarget;
			buildConfigurationList = 04AB079D4C18AA50B6C5E364 /* Build configuration list for PBXNativeTarget "AndroidSync" */;
			buildPhases = (
				5FF3B63757176E6FE76DB5FB /* Sources */,
				7023F73C804C393623F3D74E /* Frameworks */,
				3C677BCDE48A10953EB824EC /* Resources */,
			);
			buildRules = (
			);
			dependencies = (
			);
			name = AndroidSync;
			productName = AndroidSync;
			productReference = FF45B4A2149347AA53D5F95C /* AndroidSync.app */;
			productType = "com.apple.product-type.application";
		};
/* End PBXNativeTarget section */

/* Begin PBXProject section */
		244210E48437B6556980A702 /* Project object */ = {
			isa = PBXProject;
			attributes = {
				LastUpgradeCheck = 2600;
			};
			buildConfigurationList = 7ED5184A5487DF185E3420D0 /* Build configuration list for PBXProject "AndroidSync" */;
			compatibilityVersion = "Xcode 14.0";
			developmentRegion = en;
			hasScannedForEncodings = 0;
			knownRegions = (
				en,
				Base,
			);
			mainGroup = 4813494D137E1631BBA301D5;
			productRefGroup = 0A3E27B8CA818264D75C8D81 /* Products */;
			projectDirPath = "";
			projectRoot = "";
			targets = (
				098A2FAE5D6CC599A6DA7DE2 /* AndroidSync */,
			);
		};
/* End PBXProject section */

/* Begin PBXResourcesBuildPhase section */
		3C677BCDE48A10953EB824EC /* Resources */ = {
			isa = PBXResourcesBuildPhase;
			buildActionMask = 2147483647;
			files = (
				5FDF4322AB073E3E8EF0AC71 /* AndroidSync/AndroidSync.icns in Resources */,
				94E560A91A51694C99940FD5 /* AndroidSync/Tools/adb in Resources */,
				6F587BA007547489188FA810 /* AndroidSync/Tools/NOTICE.txt in Resources */,
			);
			runOnlyForDeploymentPostprocessing = 0;
		};
/* End PBXResourcesBuildPhase section */

/* Begin PBXSourcesBuildPhase section */
		5FF3B63757176E6FE76DB5FB /* Sources */ = {
			isa = PBXSourcesBuildPhase;
			buildActionMask = 2147483647;
			files = (
				A93A8B6F452B94B4C7E48A31 /* AndroidSync/AndroidSyncApp.swift in Sources */,
				329DBDF12BCD2F66C9754A6A /* AndroidSync/AppModel.swift in Sources */,
				7C54B7ABFE02D213805E3CC6 /* AndroidSync/BluetoothCalls.swift in Sources */,
				722994CFE00965C5CDA2B34A /* AndroidSync/CallPopupView.swift in Sources */,
				EF4C1BE79AAE7B783762C4CB /* AndroidSync/FileSharingView.swift in Sources */,
				FA4E5948631CAE2025A0F034 /* AndroidSync/Mirroring.swift in Sources */,
				05A6E7F393B996E314DB1CEE /* AndroidSync/MirroringView.swift in Sources */,
				CED5D58F4D9B086957F2A5D9 /* AndroidSync/Models.swift in Sources */,
				0E0DEBE9765832C0F9B3C473 /* AndroidSync/SecurityStore.swift in Sources */,
				0E5C36115FA783B8147C124E /* AndroidSync/Transport.swift in Sources */,
				5CA4EBB2B9746B02F76F888E /* AndroidSync/Views.swift in Sources */,
				B908DEADCCFC5A3AAEFB87B2 /* ../core/Sources/SyncCore/Diagnostics.swift in Sources */,
				8E9BD2A814D339966A69E08A /* ../core/Sources/SyncCore/NotificationPreview.swift in Sources */,
				7BF12C09292276B6A3BD9DB6 /* ../core/Sources/SyncCore/Protocol.swift in Sources */,
			);
			runOnlyForDeploymentPostprocessing = 0;
		};
/* End PBXSourcesBuildPhase section */

/* Begin XCBuildConfiguration section */
		23FC6B05BDB0E712CEB5E211 /* Release */ = {
			isa = XCBuildConfiguration;
			buildSettings = {
				ARCHS = "$(ARCHS_STANDARD)";
				CODE_SIGN_ENTITLEMENTS = AndroidSync/AndroidSync.entitlements;
				CODE_SIGN_IDENTITY = "Apple Development";
				CODE_SIGN_STYLE = Automatic;
				COMBINE_HIDPI_IMAGES = YES;
				DEVELOPMENT_TEAM = RH263SCC9C;
				ENABLE_HARDENED_RUNTIME = YES;
				GENERATE_INFOPLIST_FILE = NO;
				INFOPLIST_FILE = AndroidSync/Info.plist;
				LD_RUNPATH_SEARCH_PATHS = (
					"$(inherited)",
					"@executable_path/../Frameworks",
				);
				MACOSX_DEPLOYMENT_TARGET = 14.0;
				ONLY_ACTIVE_ARCH = NO;
				PRODUCT_BUNDLE_IDENTIFIER = dev.androidsync.mac;
				PRODUCT_NAME = AndroidSync;
				PROVISIONING_PROFILE_SPECIFIER = "";
				SWIFT_OPTIMIZATION_LEVEL = "-O";
				SWIFT_VERSION = 5.0;
			};
			name = Release;
		};
		35B1014F135DE9B45529B733 /* Release */ = {
			isa = XCBuildConfiguration;
			buildSettings = {
				CLANG_ENABLE_MODULES = YES;
				MACOSX_DEPLOYMENT_TARGET = 14.0;
				SDKROOT = macosx;
			};
			name = Release;
		};
		488864B3D19480A82F7F1786 /* Debug */ = {
			isa = XCBuildConfiguration;
			buildSettings = {
				CLANG_ENABLE_MODULES = YES;
				MACOSX_DEPLOYMENT_TARGET = 14.0;
				SDKROOT = macosx;
			};
			name = Debug;
		};
		4EA8BDBB19FC55E6AA83B481 /* Debug */ = {
			isa = XCBuildConfiguration;
			buildSettings = {
				ARCHS = "$(ARCHS_STANDARD)";
				CODE_SIGN_ENTITLEMENTS = AndroidSync/AndroidSync.entitlements;
				CODE_SIGN_IDENTITY = "Apple Development";
				CODE_SIGN_STYLE = Automatic;
				COMBINE_HIDPI_IMAGES = YES;
				DEVELOPMENT_TEAM = RH263SCC9C;
				ENABLE_HARDENED_RUNTIME = YES;
				GENERATE_INFOPLIST_FILE = NO;
				INFOPLIST_FILE = AndroidSync/Info.plist;
				LD_RUNPATH_SEARCH_PATHS = (
					"$(inherited)",
					"@executable_path/../Frameworks",
				);
				MACOSX_DEPLOYMENT_TARGET = 14.0;
				ONLY_ACTIVE_ARCH = YES;
				PRODUCT_BUNDLE_IDENTIFIER = dev.androidsync.mac;
				PRODUCT_NAME = AndroidSync;
				PROVISIONING_PROFILE_SPECIFIER = "";
				SWIFT_OPTIMIZATION_LEVEL = "-Onone";
				SWIFT_VERSION = 5.0;
			};
			name = Debug;
		};
/* End XCBuildConfiguration section */

/* Begin XCConfigurationList section */
		04AB079D4C18AA50B6C5E364 /* Build configuration list for PBXNativeTarget "AndroidSync" */ = {
			isa = XCConfigurationList;
			buildConfigurations = (
				4EA8BDBB19FC55E6AA83B481 /* Debug */,
				23FC6B05BDB0E712CEB5E211 /* Release */,
			);
			defaultConfigurationIsVisible = 0;
			defaultConfigurationName = Release;
		};
		7ED5184A5487DF185E3420D0 /* Build configuration list for PBXProject "AndroidSync" */ = {
			isa = XCConfigurationList;
			buildConfigurations = (
				488864B3D19480A82F7F1786 /* Debug */,
				35B1014F135DE9B45529B733 /* Release */,
			);
			defaultConfigurationIsVisible = 0;
			defaultConfigurationName = Release;
		};
/* End XCConfigurationList section */
	};
	rootObject = 244210E48437B6556980A702 /* Project object */;
}
