// !$*UTF8*$!
{ archiveVersion = 1; classes = {}; objectVersion = 56; objects = {
D24A571D8C2AB8CA5D416C79 = { isa = PBXFileReference; lastKnownFileType = "sourcecode.swift"; path = "AndroidSync/AndroidSyncApp.swift"; sourceTree = SOURCE_ROOT; };
A93A8B6F452B94B4C7E48A31 = { isa = PBXBuildFile; fileRef = D24A571D8C2AB8CA5D416C79; };
0C2D34B239D06102C3A11713 = { isa = PBXFileReference; lastKnownFileType = "sourcecode.swift"; path = "AndroidSync/AppModel.swift"; sourceTree = SOURCE_ROOT; };
329DBDF12BCD2F66C9754A6A = { isa = PBXBuildFile; fileRef = 0C2D34B239D06102C3A11713; };
75790FC125969262EDD51779 = { isa = PBXFileReference; lastKnownFileType = "sourcecode.swift"; path = "AndroidSync/BluetoothCalls.swift"; sourceTree = SOURCE_ROOT; };
7C54B7ABFE02D213805E3CC6 = { isa = PBXBuildFile; fileRef = 75790FC125969262EDD51779; };
76AC75DBA7CEB5837C4B7741 = { isa = PBXFileReference; lastKnownFileType = "sourcecode.swift"; path = "AndroidSync/CallPopupView.swift"; sourceTree = SOURCE_ROOT; };
722994CFE00965C5CDA2B34A = { isa = PBXBuildFile; fileRef = 76AC75DBA7CEB5837C4B7741; };
D08FDEB4C1B0175B6AFC1F04 = { isa = PBXFileReference; lastKnownFileType = "sourcecode.swift"; path = "AndroidSync/FileSharingView.swift"; sourceTree = SOURCE_ROOT; };
EF4C1BE79AAE7B783762C4CB = { isa = PBXBuildFile; fileRef = D08FDEB4C1B0175B6AFC1F04; };
73A08B96C6BF091DA7971E85 = { isa = PBXFileReference; lastKnownFileType = "sourcecode.swift"; path = "AndroidSync/Mirroring.swift"; sourceTree = SOURCE_ROOT; };
FA4E5948631CAE2025A0F034 = { isa = PBXBuildFile; fileRef = 73A08B96C6BF091DA7971E85; };
FA0E39253432131AC3C01156 = { isa = PBXFileReference; lastKnownFileType = "sourcecode.swift"; path = "AndroidSync/MirroringView.swift"; sourceTree = SOURCE_ROOT; };
05A6E7F393B996E314DB1CEE = { isa = PBXBuildFile; fileRef = FA0E39253432131AC3C01156; };
97DC5191FDC19EBF975AFCB3 = { isa = PBXFileReference; lastKnownFileType = "sourcecode.swift"; path = "AndroidSync/Models.swift"; sourceTree = SOURCE_ROOT; };
CED5D58F4D9B086957F2A5D9 = { isa = PBXBuildFile; fileRef = 97DC5191FDC19EBF975AFCB3; };
EA01417822F0D84DE0B7C614 = { isa = PBXFileReference; lastKnownFileType = "sourcecode.swift"; path = "AndroidSync/SecurityStore.swift"; sourceTree = SOURCE_ROOT; };
0E0DEBE9765832C0F9B3C473 = { isa = PBXBuildFile; fileRef = EA01417822F0D84DE0B7C614; };
748E2025F1772C8624C68409 = { isa = PBXFileReference; lastKnownFileType = "sourcecode.swift"; path = "AndroidSync/Transport.swift"; sourceTree = SOURCE_ROOT; };
0E5C36115FA783B8147C124E = { isa = PBXBuildFile; fileRef = 748E2025F1772C8624C68409; };
6F116ED17D489ACFE5F00430 = { isa = PBXFileReference; lastKnownFileType = "sourcecode.swift"; path = "AndroidSync/Views.swift"; sourceTree = SOURCE_ROOT; };
5CA4EBB2B9746B02F76F888E = { isa = PBXBuildFile; fileRef = 6F116ED17D489ACFE5F00430; };
74C5DF5A10503F05C3E4B0A2 = { isa = PBXFileReference; lastKnownFileType = "sourcecode.swift"; path = "../core/Sources/SyncCore/Diagnostics.swift"; sourceTree = SOURCE_ROOT; };
B908DEADCCFC5A3AAEFB87B2 = { isa = PBXBuildFile; fileRef = 74C5DF5A10503F05C3E4B0A2; };
0E12343E6A6B2027071CB5B3 = { isa = PBXFileReference; lastKnownFileType = "sourcecode.swift"; path = "../core/Sources/SyncCore/NotificationPreview.swift"; sourceTree = SOURCE_ROOT; };
8E9BD2A814D339966A69E08A = { isa = PBXBuildFile; fileRef = 0E12343E6A6B2027071CB5B3; };
F45EF16601192F3EBA328A3D = { isa = PBXFileReference; lastKnownFileType = "sourcecode.swift"; path = "../core/Sources/SyncCore/Protocol.swift"; sourceTree = SOURCE_ROOT; };
7BF12C09292276B6A3BD9DB6 = { isa = PBXBuildFile; fileRef = F45EF16601192F3EBA328A3D; };
2ED9FD15FF6B1978F8839604 = { isa = PBXFileReference; lastKnownFileType = "image.icns"; path = "AndroidSync/AndroidSync.icns"; sourceTree = SOURCE_ROOT; };
5FDF4322AB073E3E8EF0AC71 = { isa = PBXBuildFile; fileRef = 2ED9FD15FF6B1978F8839604; };
CC9C9EC8EF3B95F4086F113E = { isa = PBXFileReference; lastKnownFileType = "compiled.mach-o.executable"; path = "AndroidSync/Tools/adb"; sourceTree = SOURCE_ROOT; };
94E560A91A51694C99940FD5 = { isa = PBXBuildFile; fileRef = CC9C9EC8EF3B95F4086F113E; };
B8644F40C0D5550EA96658F9 = { isa = PBXFileReference; lastKnownFileType = "text"; path = "AndroidSync/Tools/NOTICE.txt"; sourceTree = SOURCE_ROOT; };
6F587BA007547489188FA810 = { isa = PBXBuildFile; fileRef = B8644F40C0D5550EA96658F9; };
A65573FCD3BED52501A1C51D = { isa = PBXFileReference; lastKnownFileType = "text.plist.xml"; path = "AndroidSync/Info.plist"; sourceTree = SOURCE_ROOT; };
A4D79188A3C6C7DB69226066 = { isa = PBXFileReference; lastKnownFileType = "text.plist.entitlements"; path = "AndroidSync/AndroidSync.entitlements"; sourceTree = SOURCE_ROOT; };
FF45B4A2149347AA53D5F95C = { isa = PBXFileReference; explicitFileType = "wrapper.application"; path = AndroidSync.app; sourceTree = BUILT_PRODUCTS_DIR; };
0A3E27B8CA818264D75C8D81 = { isa = PBXGroup; children = (FF45B4A2149347AA53D5F95C,); name = Products; sourceTree = "<group>"; };
4813494D137E1631BBA301D5 = { isa = PBXGroup; children = (D24A571D8C2AB8CA5D416C79,0C2D34B239D06102C3A11713,75790FC125969262EDD51779,76AC75DBA7CEB5837C4B7741,D08FDEB4C1B0175B6AFC1F04,73A08B96C6BF091DA7971E85,FA0E39253432131AC3C01156,97DC5191FDC19EBF975AFCB3,EA01417822F0D84DE0B7C614,748E2025F1772C8624C68409,6F116ED17D489ACFE5F00430,74C5DF5A10503F05C3E4B0A2,0E12343E6A6B2027071CB5B3,F45EF16601192F3EBA328A3D,2ED9FD15FF6B1978F8839604,CC9C9EC8EF3B95F4086F113E,B8644F40C0D5550EA96658F9,A65573FCD3BED52501A1C51D,A4D79188A3C6C7DB69226066,0A3E27B8CA818264D75C8D81,); sourceTree = "<group>"; };
5FF3B63757176E6FE76DB5FB = { isa = PBXSourcesBuildPhase; buildActionMask = 2147483647; files = (A93A8B6F452B94B4C7E48A31,329DBDF12BCD2F66C9754A6A,7C54B7ABFE02D213805E3CC6,722994CFE00965C5CDA2B34A,EF4C1BE79AAE7B783762C4CB,FA4E5948631CAE2025A0F034,05A6E7F393B996E314DB1CEE,CED5D58F4D9B086957F2A5D9,0E0DEBE9765832C0F9B3C473,0E5C36115FA783B8147C124E,5CA4EBB2B9746B02F76F888E,B908DEADCCFC5A3AAEFB87B2,8E9BD2A814D339966A69E08A,7BF12C09292276B6A3BD9DB6,); runOnlyForDeploymentPostprocessing = 0; };
7023F73C804C393623F3D74E = { isa = PBXFrameworksBuildPhase; buildActionMask = 2147483647; files = (); runOnlyForDeploymentPostprocessing = 0; };
3C677BCDE48A10953EB824EC = { isa = PBXResourcesBuildPhase; buildActionMask = 2147483647; files = (5FDF4322AB073E3E8EF0AC71,94E560A91A51694C99940FD5,6F587BA007547489188FA810,); runOnlyForDeploymentPostprocessing = 0; };
488864B3D19480A82F7F1786 = { isa = XCBuildConfiguration; buildSettings = { CLANG_ENABLE_MODULES = YES; SDKROOT = macosx; MACOSX_DEPLOYMENT_TARGET = 14.0; }; name = Debug; };
4EA8BDBB19FC55E6AA83B481 = { isa = XCBuildConfiguration; buildSettings = { PRODUCT_BUNDLE_IDENTIFIER = "dev.androidsync.mac"; PRODUCT_NAME = "AndroidSync"; SWIFT_VERSION = "5.0"; MACOSX_DEPLOYMENT_TARGET = "14.0"; INFOPLIST_FILE = "AndroidSync/Info.plist"; CODE_SIGN_ENTITLEMENTS = "AndroidSync/AndroidSync.entitlements"; GENERATE_INFOPLIST_FILE = "NO"; CODE_SIGN_IDENTITY = "-"; CODE_SIGN_STYLE = "Manual"; ENABLE_HARDENED_RUNTIME = "YES"; SWIFT_OPTIMIZATION_LEVEL = "-Onone"; ARCHS = "$(ARCHS_STANDARD)"; ONLY_ACTIVE_ARCH = "YES"; LD_RUNPATH_SEARCH_PATHS = "$(inherited) @executable_path/../Frameworks"; COMBINE_HIDPI_IMAGES = "YES"; }; name = Debug; };
35B1014F135DE9B45529B733 = { isa = XCBuildConfiguration; buildSettings = { CLANG_ENABLE_MODULES = YES; SDKROOT = macosx; MACOSX_DEPLOYMENT_TARGET = 14.0; }; name = Release; };
23FC6B05BDB0E712CEB5E211 = { isa = XCBuildConfiguration; buildSettings = { PRODUCT_BUNDLE_IDENTIFIER = "dev.androidsync.mac"; PRODUCT_NAME = "AndroidSync"; SWIFT_VERSION = "5.0"; MACOSX_DEPLOYMENT_TARGET = "14.0"; INFOPLIST_FILE = "AndroidSync/Info.plist"; CODE_SIGN_ENTITLEMENTS = "AndroidSync/AndroidSync.entitlements"; GENERATE_INFOPLIST_FILE = "NO"; CODE_SIGN_IDENTITY = "-"; CODE_SIGN_STYLE = "Manual"; ENABLE_HARDENED_RUNTIME = "YES"; SWIFT_OPTIMIZATION_LEVEL = "-O"; ARCHS = "$(ARCHS_STANDARD)"; ONLY_ACTIVE_ARCH = "NO"; LD_RUNPATH_SEARCH_PATHS = "$(inherited) @executable_path/../Frameworks"; COMBINE_HIDPI_IMAGES = "YES"; }; name = Release; };
7ED5184A5487DF185E3420D0 = { isa = XCConfigurationList; buildConfigurations = (488864B3D19480A82F7F1786,35B1014F135DE9B45529B733,); defaultConfigurationIsVisible = 0; defaultConfigurationName = Release; };
04AB079D4C18AA50B6C5E364 = { isa = XCConfigurationList; buildConfigurations = (4EA8BDBB19FC55E6AA83B481,23FC6B05BDB0E712CEB5E211,); defaultConfigurationIsVisible = 0; defaultConfigurationName = Release; };
098A2FAE5D6CC599A6DA7DE2 = { isa = PBXNativeTarget; buildConfigurationList = 04AB079D4C18AA50B6C5E364; buildPhases = (5FF3B63757176E6FE76DB5FB,7023F73C804C393623F3D74E,3C677BCDE48A10953EB824EC,); buildRules = (); dependencies = (); name = AndroidSync; productName = AndroidSync; productReference = FF45B4A2149347AA53D5F95C; productType = "com.apple.product-type.application"; };
244210E48437B6556980A702 = { isa = PBXProject; attributes = { LastUpgradeCheck = 2600; }; buildConfigurationList = 7ED5184A5487DF185E3420D0; compatibilityVersion = "Xcode 14.0"; developmentRegion = en; hasScannedForEncodings = 0; knownRegions = (en, Base); mainGroup = 4813494D137E1631BBA301D5; productRefGroup = 0A3E27B8CA818264D75C8D81; projectDirPath = ""; projectRoot = ""; targets = (098A2FAE5D6CC599A6DA7DE2,); };
}; rootObject = 244210E48437B6556980A702; }
